
Microsoft Visual Studio Solution File, Format Version 12.00
# Visual Studio Version 17
VisualStudioVersion = 17.7.34202.233
MinimumVisualStudioVersion = 10.0.40219.1
Project("{8BC9CEB8-8B4A-11D0-8D11-00A0C91BC942}") = "Client", "Client\Client.vcxproj", "{92E0E359-5D17-4662-9289-23C1283325D8}"
EndProject
Project("{8BC9CEB8-8B4A-11D0-8D11-00A0C91BC942}") = "Component", "Component\Component.vcxproj", "{E9095598-9E80-4EEF-B8B1-1556871A23D7}"
EndProject
Global
	GlobalSection(SolutionConfigurationPlatforms) = preSolution
		Debug|x64 = Debug|x64
		Debug|x86 = Debug|x86
		Release|x64 = Release|x64
		Release|x86 = Release|x86
	EndGlobalSection
	GlobalSection(ProjectConfigurationPlatforms) = postSolution
		{92E0E359-5D17-4662-9289-23C1283325D8}.Debug|x64.ActiveCfg = Debug|x64
		{92E0E359-5D17-4662-9289-23C1283325D8}.Debug|x64.Build.0 = Debug|x64
		{92E0E359-5D17-4662-9289-23C1283325D8}.Debug|x86.ActiveCfg = Debug|Win32
		{92E0E359-5D17-4662-9289-23C1283325D8}.Debug|x86.Build.0 = Debug|Win32
		{92E0E359-5D17-4662-9289-23C1283325D8}.Release|x64.ActiveCfg = Release|x64
		{92E0E359-5D17-4662-9289-23C1283325D8}.Release|x64.Build.0 = Release|x64
		{92E0E359-5D17-4662-9289-23C1283325D8}.Release|x86.ActiveCfg = Release|Win32
		{92E0E359-5D17-4662-9289-23C1283325D8}.Release|x86.Build.0 = Release|Win32
		{E9095598-9E80-4EEF-B8B1-1556871A23D7}.Debug|x64.ActiveCfg = Debug|x64
		{E9095598-9E80-4EEF-B8B1-1556871A23D7}.Debug|x64.Build.0 = Debug|x64
		{E9095598-9E80-4EEF-B8B1-1556871A23D7}.Debug|x86.ActiveCfg = Debug|Win32
		{E9095598-9E80-4EEF-B8B1-1556871A23D7}.Debug|x86.Build.0 = Debug|Win32
		{E9095598-9E80-4EEF-B8B1-1556871A23D7}.Release|x64.ActiveCfg = Release|x64
		{E9095598-9E80-4EEF-B8B1-1556871A23D7}.Release|x64.Build.0 = Release|x64
		{E9095598-9E80-4EEF-B8B1-1556871A23D7}.Release|x86.ActiveCfg = Release|Win32
		{E9095598-9E80-4EEF-B8B1-1556871A23D7}.Release|x86.Build.0 = Release|Win32
	EndGlobalSection
	GlobalSection(SolutionProperties) = preSolution
		HideSolutionNode = FALSE
	EndGlobalSection
	GlobalSection(ExtensibilityGlobals) = postSolution
		SolutionGuid = {95AF16B5-813A-4C38-8E8D-4038B07BBD54}
	EndGlobalSection
EndGlobal
